// !$*UTF8*$!
{
	archiveVersion = 1;
	classes = {
	};
	objectVersion = 46;
	objects = {

/* Begin PBXBuildFile section */
		EA0F8BAD15B1219400FBB75E /* TestAssertionHandler.m in Sources */ = {isa = PBXBuildFile; fileRef = EA0F8BAC15B1219400FBB75E /* TestAssertionHandler.m */; };
		EA10CE5216AADEB0008735A5 /* HDGCDAsyncSocket.h in Headers */ = {isa = PBXBuildFile; fileRef = EA10CE5016AADEB0008735A5 /* HDGCDAsyncSocket.h */; };
		EA10CE5316AADEB0008735A5 /* HDGCDAsyncSocket.m in Sources */ = {isa = PBXBuildFile; fileRef = EA10CE5116AADEB0008735A5 /* HDGCDAsyncSocket.m */; };
		EA4F798A159ECFED00CDE940 /* HDUtils.h in Headers */ = {isa = PBXBuildFile; fileRef = EA4F7984159ECFED00CDE940 /* HDUtils.h */; };
		EA4F798B159ECFED00CDE940 /* HDUtils.m in Sources */ = {isa = PBXBuildFile; fileRef = EA4F7985159ECFED00CDE940 /* HDUtils.m */; };
		EA4F798C159ECFED00CDE940 /* NSObject+HDSerialization.h in Headers */ = {isa = PBXBuildFile; fileRef = EA4F7986159ECFED00CDE940 /* NSObject+HDSerialization.h */; };
		EA4F798D159ECFED00CDE940 /* NSObject+HDSerialization.m in Sources */ = {isa = PBXBuildFile; fileRef = EA4F7987159ECFED00CDE940 /* NSObject+HDSerialization.m */; };
		EA4F79A0159EE51900CDE940 /* SenTestingKit.framework in Frameworks */ = {isa = PBXBuildFile; fileRef = EA4F799F159EE51900CDE940 /* SenTestingKit.framework */; };
		EA4F79A3159EE51900CDE940 /* Foundation.framework in Frameworks */ = {isa = PBXBuildFile; fileRef = EA54097015944C27000F8C43 /* Foundation.framework */; };
		EA4F79A9159EE51900CDE940 /* InfoPlist.strings in Resources */ = {isa = PBXBuildFile; fileRef = EA4F79A7159EE51900CDE940 /* InfoPlist.strings */; };
		EA4F79AC159EE51900CDE940 /* DetectiveTest.m in Sources */ = {isa = PBXBuildFile; fileRef = EA4F79AB159EE51900CDE940 /* DetectiveTest.m */; };
		EA4F79B1159EEBE700CDE940 /* HDServer.m in Sources */ = {isa = PBXBuildFile; fileRef = EA54098215944C8D000F8C43 /* HDServer.m */; };
		EA4F79B3159EEBE700CDE940 /* HDDetective.m in Sources */ = {isa = PBXBuildFile; fileRef = EAD813C715959DD20087FD7E /* HDDetective.m */; };
		EA4F79B4159EEBE700CDE940 /* HDUtils.m in Sources */ = {isa = PBXBuildFile; fileRef = EA4F7985159ECFED00CDE940 /* HDUtils.m */; };
		EA4F79B5159EEBE700CDE940 /* NSObject+HDSerialization.m in Sources */ = {isa = PBXBuildFile; fileRef = EA4F7987159ECFED00CDE940 /* NSObject+HDSerialization.m */; };
		EA54098315944C8D000F8C43 /* HDServer.h in Headers */ = {isa = PBXBuildFile; fileRef = EA54098115944C8D000F8C43 /* HDServer.h */; settings = {ATTRIBUTES = (); }; };
		EA54098415944C8D000F8C43 /* HDServer.m in Sources */ = {isa = PBXBuildFile; fileRef = EA54098215944C8D000F8C43 /* HDServer.m */; };
		EA5BE05216E7D6B0004A0A0A /* UIKit.framework in Frameworks */ = {isa = PBXBuildFile; fileRef = EA5BE05116E7D6AF004A0A0A /* UIKit.framework */; };
		EA77297516994E6300CD63EE /* HDUIKitDetective.h in Headers */ = {isa = PBXBuildFile; fileRef = EA77297316994E6300CD63EE /* HDUIKitDetective.h */; };
		EA77297616994E6300CD63EE /* HDUIKitDetective.m in Sources */ = {isa = PBXBuildFile; fileRef = EA77297416994E6300CD63EE /* HDUIKitDetective.m */; };
		EA77297716994E6300CD63EE /* HDUIKitDetective.m in Sources */ = {isa = PBXBuildFile; fileRef = EA77297416994E6300CD63EE /* HDUIKitDetective.m */; };
		EA77297B1699535B00CD63EE /* HDQuartzDetective.h in Headers */ = {isa = PBXBuildFile; fileRef = EA7729791699535B00CD63EE /* HDQuartzDetective.h */; };
		EA77297C1699535B00CD63EE /* HDQuartzDetective.m in Sources */ = {isa = PBXBuildFile; fileRef = EA77297A1699535B00CD63EE /* HDQuartzDetective.m */; };
		EA77297D1699535B00CD63EE /* HDQuartzDetective.m in Sources */ = {isa = PBXBuildFile; fileRef = EA77297A1699535B00CD63EE /* HDQuartzDetective.m */; };
		EA7729801699548B00CD63EE /* CALayer+HDHelpers.h in Headers */ = {isa = PBXBuildFile; fileRef = EA77297E1699548B00CD63EE /* CALayer+HDHelpers.h */; };
		EA7729811699548B00CD63EE /* CALayer+HDHelpers.m in Sources */ = {isa = PBXBuildFile; fileRef = EA77297F1699548B00CD63EE /* CALayer+HDHelpers.m */; };
		EA7729821699548B00CD63EE /* CALayer+HDHelpers.m in Sources */ = {isa = PBXBuildFile; fileRef = EA77297F1699548B00CD63EE /* CALayer+HDHelpers.m */; };
		EA880EC115A406260094908B /* HDMessage.h in Headers */ = {isa = PBXBuildFile; fileRef = EA880EBF15A406250094908B /* HDMessage.h */; };
		EA880EC215A406260094908B /* HDMessage.m in Sources */ = {isa = PBXBuildFile; fileRef = EA880EC015A406250094908B /* HDMessage.m */; };
		EAA0C6DD1692183500392FD1 /* HDArgument.h in Headers */ = {isa = PBXBuildFile; fileRef = EAA0C6DB1692183400392FD1 /* HDArgument.h */; };
		EAA0C6DE1692183500392FD1 /* HDArgument.m in Sources */ = {isa = PBXBuildFile; fileRef = EAA0C6DC1692183500392FD1 /* HDArgument.m */; };
		EAA0C6E4169218C100392FD1 /* HDScriptArgument.h in Headers */ = {isa = PBXBuildFile; fileRef = EAA0C6E2169218C100392FD1 /* HDScriptArgument.h */; };
		EAA0C6E5169218C100392FD1 /* HDScriptArgument.m in Sources */ = {isa = PBXBuildFile; fileRef = EAA0C6E3169218C100392FD1 /* HDScriptArgument.m */; };
		EAA0C6FA16921E9300392FD1 /* UIView+HDHelpers.h in Headers */ = {isa = PBXBuildFile; fileRef = EAA0C6F816921E9200392FD1 /* UIView+HDHelpers.h */; };
		EAA0C6FB16921E9300392FD1 /* UIView+HDHelpers.m in Sources */ = {isa = PBXBuildFile; fileRef = EAA0C6F916921E9300392FD1 /* UIView+HDHelpers.m */; };
		EAA0C7011692265700392FD1 /* NSData+Base64.h in Headers */ = {isa = PBXBuildFile; fileRef = EAA0C6FD1692265700392FD1 /* NSData+Base64.h */; };
		EAA0C7021692265700392FD1 /* NSData+Base64.m in Sources */ = {isa = PBXBuildFile; fileRef = EAA0C6FE1692265700392FD1 /* NSData+Base64.m */; };
		EAA0C7031692265700392FD1 /* NSString+Base64.h in Headers */ = {isa = PBXBuildFile; fileRef = EAA0C6FF1692265700392FD1 /* NSString+Base64.h */; };
		EAA0C7041692265700392FD1 /* NSString+Base64.m in Sources */ = {isa = PBXBuildFile; fileRef = EAA0C7001692265700392FD1 /* NSString+Base64.m */; };
		EAA3B1FA169A49040070643D /* HDCocos2DDetective.h in Headers */ = {isa = PBXBuildFile; fileRef = EAA3B1F8169A49040070643D /* HDCocos2DDetective.h */; };
		EAA3B1FE169A4B6B0070643D /* CCNode+HDHelpers.h in Headers */ = {isa = PBXBuildFile; fileRef = EAA3B1FC169A4B6B0070643D /* CCNode+HDHelpers.h */; };
		EAA3B218169A51EB0070643D /* Foundation.framework in Frameworks */ = {isa = PBXBuildFile; fileRef = EA54097015944C27000F8C43 /* Foundation.framework */; };
		EAA3B223169A52B80070643D /* HDCocos2DDetective.m in Sources */ = {isa = PBXBuildFile; fileRef = EAA3B1F9169A49040070643D /* HDCocos2DDetective.m */; };
		EAA3B224169A52BE0070643D /* CCNode+HDHelpers.m in Sources */ = {isa = PBXBuildFile; fileRef = EAA3B1FD169A4B6B0070643D /* CCNode+HDHelpers.m */; };
		EAA3B239169A6DDA0070643D /* NSObject+HDHelpers.h in Headers */ = {isa = PBXBuildFile; fileRef = EAA3B237169A6DDA0070643D /* NSObject+HDHelpers.h */; };
		EAA3B23A169A6DDA0070643D /* NSObject+HDHelpers.m in Sources */ = {isa = PBXBuildFile; fileRef = EAA3B238169A6DDA0070643D /* NSObject+HDHelpers.m */; };
		EAA3B23B169A6DDA0070643D /* NSObject+HDHelpers.m in Sources */ = {isa = PBXBuildFile; fileRef = EAA3B238169A6DDA0070643D /* NSObject+HDHelpers.m */; };
		EAA3B23C169A6DDA0070643D /* NSObject+HDHelpers.m in Sources */ = {isa = PBXBuildFile; fileRef = EAA3B238169A6DDA0070643D /* NSObject+HDHelpers.m */; };
		EAA56BA316D82DBE008E379F /* HDGCDAsyncSocket.m in Sources */ = {isa = PBXBuildFile; fileRef = EA10CE5116AADEB0008735A5 /* HDGCDAsyncSocket.m */; };
		EAAC3F591698FC310069113E /* HDProperties.h in Headers */ = {isa = PBXBuildFile; fileRef = EAAC3F571698FC310069113E /* HDProperties.h */; };
		EAAC3F5B1698FE5D0069113E /* UIView+HDHelpers.m in Sources */ = {isa = PBXBuildFile; fileRef = EAA0C6F916921E9300392FD1 /* UIView+HDHelpers.m */; };
		EAAF3B87167AFA950087C40A /* UIKit.framework in Frameworks */ = {isa = PBXBuildFile; fileRef = EAAF3B86167AFA950087C40A /* UIKit.framework */; };
		EAAF3B89167AFAB10087C40A /* Security.framework in Frameworks */ = {isa = PBXBuildFile; fileRef = EAAF3B88167AFAB00087C40A /* Security.framework */; };
		EAAF3B8A167AFAB50087C40A /* CFNetwork.framework in Frameworks */ = {isa = PBXBuildFile; fileRef = EA54097D15944C45000F8C43 /* CFNetwork.framework */; };
		EAAF3B8C167AFAC00087C40A /* CoreGraphics.framework in Frameworks */ = {isa = PBXBuildFile; fileRef = EAAF3B8B167AFAC00087C40A /* CoreGraphics.framework */; };
		EAB12F4D16936DAF0094B3A9 /* HDArgument.m in Sources */ = {isa = PBXBuildFile; fileRef = EAA0C6DC1692183500392FD1 /* HDArgument.m */; };
		EAB12F4F16936DB20094B3A9 /* HDScriptArgument.m in Sources */ = {isa = PBXBuildFile; fileRef = EAA0C6E3169218C100392FD1 /* HDScriptArgument.m */; };
		EAB12F6816939F3F0094B3A9 /* HDScriptRunner.h in Headers */ = {isa = PBXBuildFile; fileRef = EAB12F6616939F3F0094B3A9 /* HDScriptRunner.h */; };
		EAB9B92115A67A5100385537 /* NSMutableArray+Queue.h in Headers */ = {isa = PBXBuildFile; fileRef = EAB9B91F15A67A5100385537 /* NSMutableArray+Queue.h */; };
		EAB9B92215A67A5100385537 /* NSMutableArray+Queue.m in Sources */ = {isa = PBXBuildFile; fileRef = EAB9B92015A67A5100385537 /* NSMutableArray+Queue.m */; };
		EAB9B92315A67A5100385537 /* NSMutableArray+Queue.m in Sources */ = {isa = PBXBuildFile; fileRef = EAB9B92015A67A5100385537 /* NSMutableArray+Queue.m */; };
		EAC0822416E1F59100072CD9 /* HDServer.m in Sources */ = {isa = PBXBuildFile; fileRef = EA54098215944C8D000F8C43 /* HDServer.m */; };
		EAC0822516E1F59100072CD9 /* HDDetective.m in Sources */ = {isa = PBXBuildFile; fileRef = EAD813C715959DD20087FD7E /* HDDetective.m */; };
		EAC0822616E1F59100072CD9 /* HDUtils.m in Sources */ = {isa = PBXBuildFile; fileRef = EA4F7985159ECFED00CDE940 /* HDUtils.m */; };
		EAC0822716E1F59100072CD9 /* NSObject+HDSerialization.m in Sources */ = {isa = PBXBuildFile; fileRef = EA4F7987159ECFED00CDE940 /* NSObject+HDSerialization.m */; };
		EAC0822816E1F59100072CD9 /* HDMessage.m in Sources */ = {isa = PBXBuildFile; fileRef = EA880EC015A406250094908B /* HDMessage.m */; };
		EAC0822916E1F59100072CD9 /* NSMutableArray+Queue.m in Sources */ = {isa = PBXBuildFile; fileRef = EAB9B92015A67A5100385537 /* NSMutableArray+Queue.m */; };
		EAC0822A16E1F59100072CD9 /* HDArgument.m in Sources */ = {isa = PBXBuildFile; fileRef = EAA0C6DC1692183500392FD1 /* HDArgument.m */; };
		EAC0822B16E1F59100072CD9 /* HDScriptArgument.m in Sources */ = {isa = PBXBuildFile; fileRef = EAA0C6E3169218C100392FD1 /* HDScriptArgument.m */; };
		EAC0822C16E1F59100072CD9 /* UIView+HDHelpers.m in Sources */ = {isa = PBXBuildFile; fileRef = EAA0C6F916921E9300392FD1 /* UIView+HDHelpers.m */; };
		EAC0822D16E1F59100072CD9 /* NSData+Base64.m in Sources */ = {isa = PBXBuildFile; fileRef = EAA0C6FE1692265700392FD1 /* NSData+Base64.m */; };
		EAC0822E16E1F59100072CD9 /* NSString+Base64.m in Sources */ = {isa = PBXBuildFile; fileRef = EAA0C7001692265700392FD1 /* NSString+Base64.m */; };
		EAC0822F16E1F59100072CD9 /* HDUIKitDetective.m in Sources */ = {isa = PBXBuildFile; fileRef = EA77297416994E6300CD63EE /* HDUIKitDetective.m */; };
		EAC0823016E1F59100072CD9 /* HDQuartzDetective.m in Sources */ = {isa = PBXBuildFile; fileRef = EA77297A1699535B00CD63EE /* HDQuartzDetective.m */; };
		EAC0823216E1F59100072CD9 /* NSObject+HDHelpers.m in Sources */ = {isa = PBXBuildFile; fileRef = EAA3B238169A6DDA0070643D /* NSObject+HDHelpers.m */; };
		EAC0823316E1F59100072CD9 /* HDGCDAsyncSocket.m in Sources */ = {isa = PBXBuildFile; fileRef = EA10CE5116AADEB0008735A5 /* HDGCDAsyncSocket.m */; };
		EAC0823616E1F59100072CD9 /* HDServer.h in Headers */ = {isa = PBXBuildFile; fileRef = EA54098115944C8D000F8C43 /* HDServer.h */; settings = {ATTRIBUTES = (); }; };
		EAC0823716E1F59100072CD9 /* HDDetective.h in Headers */ = {isa = PBXBuildFile; fileRef = EAD813C615959DD20087FD7E /* HDDetective.h */; settings = {ATTRIBUTES = (); }; };
		EAC0823816E1F59100072CD9 /* HDUtils.h in Headers */ = {isa = PBXBuildFile; fileRef = EA4F7984159ECFED00CDE940 /* HDUtils.h */; };
		EAC0823916E1F59100072CD9 /* NSObject+HDSerialization.h in Headers */ = {isa = PBXBuildFile; fileRef = EA4F7986159ECFED00CDE940 /* NSObject+HDSerialization.h */; };
		EAC0823A16E1F59100072CD9 /* HDMessage.h in Headers */ = {isa = PBXBuildFile; fileRef = EA880EBF15A406250094908B /* HDMessage.h */; };
		EAC0823B16E1F59100072CD9 /* NSMutableArray+Queue.h in Headers */ = {isa = PBXBuildFile; fileRef = EAB9B91F15A67A5100385537 /* NSMutableArray+Queue.h */; };
		EAC0823C16E1F59100072CD9 /* HDArgument.h in Headers */ = {isa = PBXBuildFile; fileRef = EAA0C6DB1692183400392FD1 /* HDArgument.h */; };
		EAC0823D16E1F59100072CD9 /* HDScriptArgument.h in Headers */ = {isa = PBXBuildFile; fileRef = EAA0C6E2169218C100392FD1 /* HDScriptArgument.h */; };
		EAC0823E16E1F59100072CD9 /* UIView+HDHelpers.h in Headers */ = {isa = PBXBuildFile; fileRef = EAA0C6F816921E9200392FD1 /* UIView+HDHelpers.h */; };
		EAC0823F16E1F59100072CD9 /* NSData+Base64.h in Headers */ = {isa = PBXBuildFile; fileRef = EAA0C6FD1692265700392FD1 /* NSData+Base64.h */; };
		EAC0824016E1F59100072CD9 /* NSString+Base64.h in Headers */ = {isa = PBXBuildFile; fileRef = EAA0C6FF1692265700392FD1 /* NSString+Base64.h */; };
		EAC0824116E1F59100072CD9 /* HDScriptRunner.h in Headers */ = {isa = PBXBuildFile; fileRef = EAB12F6616939F3F0094B3A9 /* HDScriptRunner.h */; };
		EAC0824216E1F59100072CD9 /* HDProperties.h in Headers */ = {isa = PBXBuildFile; fileRef = EAAC3F571698FC310069113E /* HDProperties.h */; };
		EAC0824316E1F59100072CD9 /* HDUIKitDetective.h in Headers */ = {isa = PBXBuildFile; fileRef = EA77297316994E6300CD63EE /* HDUIKitDetective.h */; };
		EAC0824416E1F59100072CD9 /* HDQuartzDetective.h in Headers */ = {isa = PBXBuildFile; fileRef = EA7729791699535B00CD63EE /* HDQuartzDetective.h */; };
		EAC0824516E1F59100072CD9 /* CALayer+HDHelpers.h in Headers */ = {isa = PBXBuildFile; fileRef = EA77297E1699548B00CD63EE /* CALayer+HDHelpers.h */; };
		EAC0824616E1F59100072CD9 /* HDCocos2DDetective.h in Headers */ = {isa = PBXBuildFile; fileRef = EAA3B1F8169A49040070643D /* HDCocos2DDetective.h */; };
		EAC0824716E1F59100072CD9 /* CCNode+HDHelpers.h in Headers */ = {isa = PBXBuildFile; fileRef = EAA3B1FC169A4B6B0070643D /* CCNode+HDHelpers.h */; };
		EAC0824816E1F59100072CD9 /* NSObject+HDHelpers.h in Headers */ = {isa = PBXBuildFile; fileRef = EAA3B237169A6DDA0070643D /* NSObject+HDHelpers.h */; };
		EAC0824916E1F59100072CD9 /* HDGCDAsyncSocket.h in Headers */ = {isa = PBXBuildFile; fileRef = EA10CE5016AADEB0008735A5 /* HDGCDAsyncSocket.h */; };
		EAC363E816A3E87500AD1D28 /* QuartzCore.framework in Frameworks */ = {isa = PBXBuildFile; fileRef = EAC363E716A3E87500AD1D28 /* QuartzCore.framework */; };
		EAD7E82315AE80160084E86A /* HDMessage.m in Sources */ = {isa = PBXBuildFile; fileRef = EA880EC015A406250094908B /* HDMessage.m */; };
		EAD813C815959DD20087FD7E /* HDDetective.h in Headers */ = {isa = PBXBuildFile; fileRef = EAD813C615959DD20087FD7E /* HDDetective.h */; settings = {ATTRIBUTES = (); }; };
		EAD813C915959DD20087FD7E /* HDDetective.m in Sources */ = {isa = PBXBuildFile; fileRef = EAD813C715959DD20087FD7E /* HDDetective.m */; };
/* End PBXBuildFile section */

/* Begin PBXCopyFilesBuildPhase section */
		EAA3B215169A51EB0070643D /* CopyFiles */ = {
			isa = PBXCopyFilesBuildPhase;
			buildActionMask = 2147483647;
			dstPath = "include/${PRODUCT_NAME}";
			dstSubfolderSpec = 16;
			files = (
			);
			runOnlyForDeploymentPostprocessing = 0;
		};
/* End PBXCopyFilesBuildPhase section */

/* Begin PBXFileReference section */
		EA0F8BAB15B1219400FBB75E /* TestAssertionHandler.h */ = {isa = PBXFileReference; fileEncoding = 4; lastKnownFileType = sourcecode.c.h; path = TestAssertionHandler.h; sourceTree = "<group>"; };
		EA0F8BAC15B1219400FBB75E /* TestAssertionHandler.m */ = {isa = PBXFileReference; fileEncoding = 4; lastKnownFileType = sourcecode.c.objc; path = TestAssertionHandler.m; sourceTree = "<group>"; };
		EA10CE5016AADEB0008735A5 /* HDGCDAsyncSocket.h */ = {isa = PBXFileReference; fileEncoding = 4; lastKnownFileType = sourcecode.c.h; path = HDGCDAsyncSocket.h; sourceTree = "<group>"; };
		EA10CE5116AADEB0008735A5 /* HDGCDAsyncSocket.m */ = {isa = PBXFileReference; fileEncoding = 4; lastKnownFileType = sourcecode.c.objc; path = HDGCDAsyncSocket.m; sourceTree = "<group>"; };
		EA4F7984159ECFED00CDE940 /* HDUtils.h */ = {isa = PBXFileReference; fileEncoding = 4; lastKnownFileType = sourcecode.c.h; path = HDUtils.h; sourceTree = "<group>"; };
		EA4F7985159ECFED00CDE940 /* HDUtils.m */ = {isa = PBXFileReference; fileEncoding = 4; lastKnownFileType = sourcecode.c.objc; path = HDUtils.m; sourceTree = "<group>"; };
		EA4F7986159ECFED00CDE940 /* NSObject+HDSerialization.h */ = {isa = PBXFileReference; fileEncoding = 4; lastKnownFileType = sourcecode.c.h; path = "NSObject+HDSerialization.h"; sourceTree = "<group>"; };
		EA4F7987159ECFED00CDE940 /* NSObject+HDSerialization.m */ = {isa = PBXFileReference; fileEncoding = 4; lastKnownFileType = sourcecode.c.objc; path = "NSObject+HDSerialization.m"; sourceTree = "<group>"; };
		EA4F799E159EE51900CDE940 /* DetectiveTest.octest */ = {isa = PBXFileReference; explicitFileType = wrapper.cfbundle; includeInIndex = 0; path = DetectiveTest.octest; sourceTree = BUILT_PRODUCTS_DIR; };
		EA4F799F159EE51900CDE940 /* SenTestingKit.framework */ = {isa = PBXFileReference; lastKnownFileType = wrapper.framework; name = SenTestingKit.framework; path = Library/Frameworks/SenTestingKit.framework; sourceTree = DEVELOPER_DIR; };
		EA4F79A6159EE51900CDE940 /* DetectiveTest-Info.plist */ = {isa = PBXFileReference; lastKnownFileType = text.plist.xml; path = "DetectiveTest-Info.plist"; sourceTree = "<group>"; };
		EA4F79A8159EE51900CDE940 /* en */ = {isa = PBXFileReference; lastKnownFileType = text.plist.strings; name = en; path = en.lproj/InfoPlist.strings; sourceTree = "<group>"; };
		EA4F79AA159EE51900CDE940 /* DetectiveTest.h */ = {isa = PBXFileReference; lastKnownFileType = sourcecode.c.h; path = DetectiveTest.h; sourceTree = "<group>"; };
		EA4F79AB159EE51900CDE940 /* DetectiveTest.m */ = {isa = PBXFileReference; lastKnownFileType = sourcecode.c.objc; path = DetectiveTest.m; sourceTree = "<group>"; };
		EA4F79AD159EE51900CDE940 /* DetectiveTest-Prefix.pch */ = {isa = PBXFileReference; lastKnownFileType = sourcecode.c.h; path = "DetectiveTest-Prefix.pch"; sourceTree = "<group>"; };
		EA54096D15944C27000F8C43 /* libDetective.a */ = {isa = PBXFileReference; explicitFileType = archive.ar; includeInIndex = 0; path = libDetective.a; sourceTree = BUILT_PRODUCTS_DIR; };
		EA54097015944C27000F8C43 /* Foundation.framework */ = {isa = PBXFileReference; lastKnownFileType = wrapper.framework; name = Foundation.framework; path = System/Library/Frameworks/Foundation.framework; sourceTree = SDKROOT; };
		EA54097415944C27000F8C43 /* Detective-Prefix.pch */ = {isa = PBXFileReference; lastKnownFileType = sourcecode.c.h; path = "Detective-Prefix.pch"; sourceTree = "<group>"; };
		EA54097D15944C45000F8C43 /* CFNetwork.framework */ = {isa = PBXFileReference; lastKnownFileType = wrapper.framework; name = CFNetwork.framework; path = System/Library/Frameworks/CFNetwork.framework; sourceTree = SDKROOT; };
		EA54097F15944C4C000F8C43 /* CoreFoundation.framework */ = {isa = PBXFileReference; lastKnownFileType = wrapper.framework; name = CoreFoundation.framework; path = System/Library/Frameworks/CoreFoundation.framework; sourceTree = SDKROOT; };
		EA54098115944C8D000F8C43 /* HDServer.h */ = {isa = PBXFileReference; fileEncoding = 4; lastKnownFileType = sourcecode.c.h; path = HDServer.h; sourceTree = "<group>"; };
		EA54098215944C8D000F8C43 /* HDServer.m */ = {isa = PBXFileReference; fileEncoding = 4; lastKnownFileType = sourcecode.c.objc; path = HDServer.m; sourceTree = "<group>"; };
		EA5BE05116E7D6AF004A0A0A /* UIKit.framework */ = {isa = PBXFileReference; lastKnownFileType = file; name = UIKit.framework; path = ../../build/Release/UIKit.framework; sourceTree = "<group>"; };
		EA77297316994E6300CD63EE /* HDUIKitDetective.h */ = {isa = PBXFileReference; fileEncoding = 4; lastKnownFileType = sourcecode.c.h; path = HDUIKitDetective.h; sourceTree = "<group>"; };
		EA77297416994E6300CD63EE /* HDUIKitDetective.m */ = {isa = PBXFileReference; fileEncoding = 4; lastKnownFileType = sourcecode.c.objc; path = HDUIKitDetective.m; sourceTree = "<group>"; };
		EA7729791699535B00CD63EE /* HDQuartzDetective.h */ = {isa = PBXFileReference; fileEncoding = 4; lastKnownFileType = sourcecode.c.h; path = HDQuartzDetective.h; sourceTree = "<group>"; };
		EA77297A1699535B00CD63EE /* HDQuartzDetective.m */ = {isa = PBXFileReference; fileEncoding = 4; lastKnownFileType = sourcecode.c.objc; path = HDQuartzDetective.m; sourceTree = "<group>"; };
		EA77297E1699548B00CD63EE /* CALayer+HDHelpers.h */ = {isa = PBXFileReference; fileEncoding = 4; lastKnownFileType = sourcecode.c.h; path = "CALayer+HDHelpers.h"; sourceTree = "<group>"; };
		EA77297F1699548B00CD63EE /* CALayer+HDHelpers.m */ = {isa = PBXFileReference; fileEncoding = 4; lastKnownFileType = sourcecode.c.objc; path = "CALayer+HDHelpers.m"; sourceTree = "<group>"; };
		EA880EBF15A406250094908B /* HDMessage.h */ = {isa = PBXFileReference; fileEncoding = 4; lastKnownFileType = sourcecode.c.h; path = HDMessage.h; sourceTree = "<group>"; };
		EA880EC015A406250094908B /* HDMessage.m */ = {isa = PBXFileReference; fileEncoding = 4; lastKnownFileType = sourcecode.c.objc; path = HDMessage.m; sourceTree = "<group>"; };
		EA89BD4116981A3F0053B290 /* libwax.a */ = {isa = PBXFileReference; lastKnownFileType = archive.ar; name = libwax.a; path = "../wax/tools/Framework/build/Release-iphoneos/libwax.a"; sourceTree = "<group>"; };
		EAA0495C168F1FB400DEF65E /* libwax.a */ = {isa = PBXFileReference; lastKnownFileType = archive.ar; name = libwax.a; path = "../wax/tools/Framework/build/Release-iphoneos/libwax.a"; sourceTree = "<group>"; };
		EAA0C6DB1692183400392FD1 /* HDArgument.h */ = {isa = PBXFileReference; fileEncoding = 4; lastKnownFileType = sourcecode.c.h; path = HDArgument.h; sourceTree = "<group>"; };
		EAA0C6DC1692183500392FD1 /* HDArgument.m */ = {isa = PBXFileReference; fileEncoding = 4; lastKnownFileType = sourcecode.c.objc; path = HDArgument.m; sourceTree = "<group>"; };
		EAA0C6E2169218C100392FD1 /* HDScriptArgument.h */ = {isa = PBXFileReference; fileEncoding = 4; lastKnownFileType = sourcecode.c.h; path = HDScriptArgument.h; sourceTree = "<group>"; };
		EAA0C6E3169218C100392FD1 /* HDScriptArgument.m */ = {isa = PBXFileReference; fileEncoding = 4; lastKnownFileType = sourcecode.c.objc; path = HDScriptArgument.m; sourceTree = "<group>"; };
		EAA0C6F816921E9200392FD1 /* UIView+HDHelpers.h */ = {isa = PBXFileReference; fileEncoding = 4; lastKnownFileType = sourcecode.c.h; path = "UIView+HDHelpers.h"; sourceTree = "<group>"; };
		EAA0C6F916921E9300392FD1 /* UIView+HDHelpers.m */ = {isa = PBXFileReference; fileEncoding = 4; lastKnownFileType = sourcecode.c.objc; path = "UIView+HDHelpers.m"; sourceTree = "<group>"; };
		EAA0C6FD1692265700392FD1 /* NSData+Base64.h */ = {isa = PBXFileReference; fileEncoding = 4; lastKnownFileType = sourcecode.c.h; path = "NSData+Base64.h"; sourceTree = "<group>"; };
		EAA0C6FE1692265700392FD1 /* NSData+Base64.m */ = {isa = PBXFileReference; fileEncoding = 4; lastKnownFileType = sourcecode.c.objc; path = "NSData+Base64.m"; sourceTree = "<group>"; };
		EAA0C6FF1692265700392FD1 /* NSString+Base64.h */ = {isa = PBXFileReference; fileEncoding = 4; lastKnownFileType = sourcecode.c.h; path = "NSString+Base64.h"; sourceTree = "<group>"; };
		EAA0C7001692265700392FD1 /* NSString+Base64.m */ = {isa = PBXFileReference; fileEncoding = 4; lastKnownFileType = sourcecode.c.objc; path = "NSString+Base64.m"; sourceTree = "<group>"; };
		EAA3B1F8169A49040070643D /* HDCocos2DDetective.h */ = {isa = PBXFileReference; fileEncoding = 4; lastKnownFileType = sourcecode.c.h; path = HDCocos2DDetective.h; sourceTree = "<group>"; };
		EAA3B1F9169A49040070643D /* HDCocos2DDetective.m */ = {isa = PBXFileReference; fileEncoding = 4; lastKnownFileType = sourcecode.c.objc; path = HDCocos2DDetective.m; sourceTree = "<group>"; };
		EAA3B1FC169A4B6B0070643D /* CCNode+HDHelpers.h */ = {isa = PBXFileReference; fileEncoding = 4; lastKnownFileType = sourcecode.c.h; path = "CCNode+HDHelpers.h"; sourceTree = "<group>"; };
		EAA3B1FD169A4B6B0070643D /* CCNode+HDHelpers.m */ = {isa = PBXFileReference; fileEncoding = 4; lastKnownFileType = sourcecode.c.objc; path = "CCNode+HDHelpers.m"; sourceTree = "<group>"; };
		EAA3B217169A51EB0070643D /* libDetectiveCocos2D.a */ = {isa = PBXFileReference; explicitFileType = archive.ar; includeInIndex = 0; path = libDetectiveCocos2D.a; sourceTree = BUILT_PRODUCTS_DIR; };
		EAA3B237169A6DDA0070643D /* NSObject+HDHelpers.h */ = {isa = PBXFileReference; fileEncoding = 4; lastKnownFileType = sourcecode.c.h; path = "NSObject+HDHelpers.h"; sourceTree = "<group>"; };
		EAA3B238169A6DDA0070643D /* NSObject+HDHelpers.m */ = {isa = PBXFileReference; fileEncoding = 4; lastKnownFileType = sourcecode.c.objc; path = "NSObject+HDHelpers.m"; sourceTree = "<group>"; };
		EAAC3F571698FC310069113E /* HDProperties.h */ = {isa = PBXFileReference; fileEncoding = 4; lastKnownFileType = sourcecode.c.h; path = HDProperties.h; sourceTree = "<group>"; };
		EAAF3B86167AFA950087C40A /* UIKit.framework */ = {isa = PBXFileReference; lastKnownFileType = wrapper.framework; name = UIKit.framework; path = System/Library/Frameworks/UIKit.framework; sourceTree = SDKROOT; };
		EAAF3B88167AFAB00087C40A /* Security.framework */ = {isa = PBXFileReference; lastKnownFileType = wrapper.framework; name = Security.framework; path = System/Library/Frameworks/Security.framework; sourceTree = SDKROOT; };
		EAAF3B8B167AFAC00087C40A /* CoreGraphics.framework */ = {isa = PBXFileReference; lastKnownFileType = wrapper.framework; name = CoreGraphics.framework; path = System/Library/Frameworks/CoreGraphics.framework; sourceTree = SDKROOT; };
		EAB12F6616939F3F0094B3A9 /* HDScriptRunner.h */ = {isa = PBXFileReference; fileEncoding = 4; lastKnownFileType = sourcecode.c.h; path = HDScriptRunner.h; sourceTree = "<group>"; };
		EAB12F6716939F3F0094B3A9 /* HDScriptRunner.m */ = {isa = PBXFileReference; fileEncoding = 4; lastKnownFileType = sourcecode.c.objc; path = HDScriptRunner.m; sourceTree = "<group>"; };
		EAB9B91F15A67A5100385537 /* NSMutableArray+Queue.h */ = {isa = PBXFileReference; fileEncoding = 4; lastKnownFileType = sourcecode.c.h; path = "NSMutableArray+Queue.h"; sourceTree = "<group>"; };
		EAB9B92015A67A5100385537 /* NSMutableArray+Queue.m */ = {isa = PBXFileReference; fileEncoding = 4; lastKnownFileType = sourcecode.c.objc; path = "NSMutableArray+Queue.m"; sourceTree = "<group>"; };
		EAC0824D16E1F59100072CD9 /* libDetective CocoKit.a */ = {isa = PBXFileReference; explicitFileType = archive.ar; includeInIndex = 0; path = "libDetective CocoKit.a"; sourceTree = BUILT_PRODUCTS_DIR; };
		EAC363E716A3E87500AD1D28 /* QuartzCore.framework */ = {isa = PBXFileReference; lastKnownFileType = wrapper.framework; name = QuartzCore.framework; path = System/Library/Frameworks/QuartzCore.framework; sourceTree = SDKROOT; };
		EAD813C615959DD20087FD7E /* HDDetective.h */ = {isa = PBXFileReference; fileEncoding = 4; lastKnownFileType = sourcecode.c.h; path = HDDetective.h; sourceTree = "<group>"; };
		EAD813C715959DD20087FD7E /* HDDetective.m */ = {isa = PBXFileReference; fileEncoding = 4; lastKnownFileType = sourcecode.c.objc; path = HDDetective.m; sourceTree = "<group>"; };
/* End PBXFileReference section */

/* Begin PBXFrameworksBuildPhase section */
		EA4F799A159EE51900CDE940 /* Frameworks */ = {
			isa = PBXFrameworksBuildPhase;
			buildActionMask = 2147483647;
			files = (
				EAC363E816A3E87500AD1D28 /* QuartzCore.framework in Frameworks */,
				EAAF3B8C167AFAC00087C40A /* CoreGraphics.framework in Frameworks */,
				EAAF3B8A167AFAB50087C40A /* CFNetwork.framework in Frameworks */,
				EAAF3B89167AFAB10087C40A /* Security.framework in Frameworks */,
				EAAF3B87167AFA950087C40A /* UIKit.framework in Frameworks */,
				EA4F79A0159EE51900CDE940 /* SenTestingKit.framework in Frameworks */,
				EA4F79A3159EE51900CDE940 /* Foundation.framework in Frameworks */,
			);
			runOnlyForDeploymentPostprocessing = 0;
		};
		EA54096A15944C27000F8C43 /* Frameworks */ = {
			isa = PBXFrameworksBuildPhase;
			buildActionMask = 2147483647;
			files = (
			);
			runOnlyForDeploymentPostprocessing = 0;
		};
		EAA3B214169A51EB0070643D /* Frameworks */ = {
			isa = PBXFrameworksBuildPhase;
			buildActionMask = 2147483647;
			files = (
				EAA3B218169A51EB0070643D /* Foundation.framework in Frameworks */,
			);
			runOnlyForDeploymentPostprocessing = 0;
		};
		EAC0823416E1F59100072CD9 /* Frameworks */ = {
			isa = PBXFrameworksBuildPhase;
			buildActionMask = 2147483647;
			files = (
				EA5BE05216E7D6B0004A0A0A /* UIKit.framework in Frameworks */,
			);
			runOnlyForDeploymentPostprocessing = 0;
		};
/* End PBXFrameworksBuildPhase section */

/* Begin PBXGroup section */
		EA4F79A4159EE51900CDE940 /* DetectiveTest */ = {
			isa = PBXGroup;
			children = (
				EA0F8BAB15B1219400FBB75E /* TestAssertionHandler.h */,
				EA0F8BAC15B1219400FBB75E /* TestAssertionHandler.m */,
				EA4F79AA159EE51900CDE940 /* DetectiveTest.h */,
				EA4F79AB159EE51900CDE940 /* DetectiveTest.m */,
				EA4F79A5159EE51900CDE940 /* Supporting Files */,
			);
			path = DetectiveTest;
			sourceTree = "<group>";
		};
		EA4F79A5159EE51900CDE940 /* Supporting Files */ = {
			isa = PBXGroup;
			children = (
				EA4F79A6159EE51900CDE940 /* DetectiveTest-Info.plist */,
				EA4F79A7159EE51900CDE940 /* InfoPlist.strings */,
				EA4F79AD159EE51900CDE940 /* DetectiveTest-Prefix.pch */,
			);
			name = "Supporting Files";
			sourceTree = "<group>";
		};
		EA54096215944C27000F8C43 = {
			isa = PBXGroup;
			children = (
				EA5BE05116E7D6AF004A0A0A /* UIKit.framework */,
				EA54097215944C27000F8C43 /* Detective */,
				EA4F79A4159EE51900CDE940 /* DetectiveTest */,
				EA54096F15944C27000F8C43 /* Frameworks */,
				EA54096E15944C27000F8C43 /* Products */,
			);
			sourceTree = "<group>";
		};
		EA54096E15944C27000F8C43 /* Products */ = {
			isa = PBXGroup;
			children = (
				EA54096D15944C27000F8C43 /* libDetective.a */,
				EA4F799E159EE51900CDE940 /* DetectiveTest.octest */,
				EAA3B217169A51EB0070643D /* libDetectiveCocos2D.a */,
				EAC0824D16E1F59100072CD9 /* libDetective CocoKit.a */,
			);
			name = Products;
			sourceTree = "<group>";
		};
		EA54096F15944C27000F8C43 /* Frameworks */ = {
			isa = PBXGroup;
			children = (
				EAC363E716A3E87500AD1D28 /* QuartzCore.framework */,
				EA89BD4116981A3F0053B290 /* libwax.a */,
				EAA0495C168F1FB400DEF65E /* libwax.a */,
				EAAF3B8B167AFAC00087C40A /* CoreGraphics.framework */,
				EAAF3B88167AFAB00087C40A /* Security.framework */,
				EAAF3B86167AFA950087C40A /* UIKit.framework */,
				EA54097F15944C4C000F8C43 /* CoreFoundation.framework */,
				EA54097D15944C45000F8C43 /* CFNetwork.framework */,
				EA54097015944C27000F8C43 /* Foundation.framework */,
				EA4F799F159EE51900CDE940 /* SenTestingKit.framework */,
			);
			name = Frameworks;
			sourceTree = "<group>";
		};
		EA54097215944C27000F8C43 /* Detective */ = {
			isa = PBXGroup;
			children = (
				EA77297116994E4200CD63EE /* Aspects */,
				EAB12F6016939F000094B3A9 /* Scripting */,
				EAA0C6E01692189700392FD1 /* Messaging Models */,
				EA54097315944C27000F8C43 /* Supporting Files */,
				EAA3B236169A6DC20070643D /* Utils & Helpers */,
				EA74B0C016A7EB4000BE6EF9 /* Networking */,
				EA74B0C116A7EB6A00BE6EF9 /* Marshalling */,
				EAD813C615959DD20087FD7E /* HDDetective.h */,
				EAD813C715959DD20087FD7E /* HDDetective.m */,
				EAAC3F571698FC310069113E /* HDProperties.h */,
			);
			path = Detective;
			sourceTree = "<group>";
		};
		EA54097315944C27000F8C43 /* Supporting Files */ = {
			isa = PBXGroup;
			children = (
				EA54097415944C27000F8C43 /* Detective-Prefix.pch */,
			);
			name = "Supporting Files";
			sourceTree = "<group>";
		};
		EA74B0C016A7EB4000BE6EF9 /* Networking */ = {
			isa = PBXGroup;
			children = (
				EA10CE5016AADEB0008735A5 /* HDGCDAsyncSocket.h */,
				EA10CE5116AADEB0008735A5 /* HDGCDAsyncSocket.m */,
				EA54098115944C8D000F8C43 /* HDServer.h */,
				EA54098215944C8D000F8C43 /* HDServer.m */,
			);
			name = Networking;
			sourceTree = "<group>";
		};
		EA74B0C116A7EB6A00BE6EF9 /* Marshalling */ = {
			isa = PBXGroup;
			children = (
				EA4F7986159ECFED00CDE940 /* NSObject+HDSerialization.h */,
				EA4F7987159ECFED00CDE940 /* NSObject+HDSerialization.m */,
			);
			name = Marshalling;
			sourceTree = "<group>";
		};
		EA77297116994E4200CD63EE /* Aspects */ = {
			isa = PBXGroup;
			children = (
				EAA3B1F6169A48940070643D /* Cocos2D */,
				EA7729781699534400CD63EE /* Quartz */,
				EAAC3F561698F9C80069113E /* UIKit */,
			);
			name = Aspects;
			sourceTree = "<group>";
		};
		EA7729781699534400CD63EE /* Quartz */ = {
			isa = PBXGroup;
			children = (
				EA7729791699535B00CD63EE /* HDQuartzDetective.h */,
				EA77297A1699535B00CD63EE /* HDQuartzDetective.m */,
				EA77297E1699548B00CD63EE /* CALayer+HDHelpers.h */,
				EA77297F1699548B00CD63EE /* CALayer+HDHelpers.m */,
			);
			name = Quartz;
			sourceTree = "<group>";
		};
		EAA0C6E01692189700392FD1 /* Messaging Models */ = {
			isa = PBXGroup;
			children = (
				EA880EBF15A406250094908B /* HDMessage.h */,
				EA880EC015A406250094908B /* HDMessage.m */,
				EAA0C6DB1692183400392FD1 /* HDArgument.h */,
				EAA0C6DC1692183500392FD1 /* HDArgument.m */,
				EAA0C6E2169218C100392FD1 /* HDScriptArgument.h */,
				EAA0C6E3169218C100392FD1 /* HDScriptArgument.m */,
			);
			name = "Messaging Models";
			sourceTree = "<group>";
		};
		EAA0C6FC1692265700392FD1 /* Base64 */ = {
			isa = PBXGroup;
			children = (
				EAA0C6FD1692265700392FD1 /* NSData+Base64.h */,
				EAA0C6FE1692265700392FD1 /* NSData+Base64.m */,
				EAA0C6FF1692265700392FD1 /* NSString+Base64.h */,
				EAA0C7001692265700392FD1 /* NSString+Base64.m */,
			);
			path = Base64;
			sourceTree = "<group>";
		};
		EAA3B1F6169A48940070643D /* Cocos2D */ = {
			isa = PBXGroup;
			children = (
				EAA3B1F8169A49040070643D /* HDCocos2DDetective.h */,
				EAA3B1F9169A49040070643D /* HDCocos2DDetective.m */,
				EAA3B1FC169A4B6B0070643D /* CCNode+HDHelpers.h */,
				EAA3B1FD169A4B6B0070643D /* CCNode+HDHelpers.m */,
			);
			name = Cocos2D;
			sourceTree = "<group>";
		};
		EAA3B236169A6DC20070643D /* Utils & Helpers */ = {
			isa = PBXGroup;
			children = (
				EAA0C6FC1692265700392FD1 /* Base64 */,
				EAB9B91F15A67A5100385537 /* NSMutableArray+Queue.h */,
				EAB9B92015A67A5100385537 /* NSMutableArray+Queue.m */,
				EAA3B237169A6DDA0070643D /* NSObject+HDHelpers.h */,
				EAA3B238169A6DDA0070643D /* NSObject+HDHelpers.m */,
				EA4F7984159ECFED00CDE940 /* HDUtils.h */,
				EA4F7985159ECFED00CDE940 /* HDUtils.m */,
			);
			name = "Utils & Helpers";
			sourceTree = "<group>";
		};
		EAAC3F561698F9C80069113E /* UIKit */ = {
			isa = PBXGroup;
			children = (
				EA77297316994E6300CD63EE /* HDUIKitDetective.h */,
				EA77297416994E6300CD63EE /* HDUIKitDetective.m */,
				EAA0C6F816921E9200392FD1 /* UIView+HDHelpers.h */,
				EAA0C6F916921E9300392FD1 /* UIView+HDHelpers.m */,
			);
			name = UIKit;
			sourceTree = "<group>";
		};
		EAB12F6016939F000094B3A9 /* Scripting */ = {
			isa = PBXGroup;
			children = (
				EAB12F6616939F3F0094B3A9 /* HDScriptRunner.h */,
				EAB12F6716939F3F0094B3A9 /* HDScriptRunner.m */,
			);
			name = Scripting;
			sourceTree = "<group>";
		};
/* End PBXGroup section */

/* Begin PBXHeadersBuildPhase section */
		EA54096B15944C27000F8C43 /* Headers */ = {
			isa = PBXHeadersBuildPhase;
			buildActionMask = 2147483647;
			files = (
				EA54098315944C8D000F8C43 /* HDServer.h in Headers */,
				EAD813C815959DD20087FD7E /* HDDetective.h in Headers */,
				EA4F798A159ECFED00CDE940 /* HDUtils.h in Headers */,
				EA4F798C159ECFED00CDE940 /* NSObject+HDSerialization.h in Headers */,
				EA880EC115A406260094908B /* HDMessage.h in Headers */,
				EAB9B92115A67A5100385537 /* NSMutableArray+Queue.h in Headers */,
				EAA0C6DD1692183500392FD1 /* HDArgument.h in Headers */,
				EAA0C6E4169218C100392FD1 /* HDScriptArgument.h in Headers */,
				EAA0C6FA16921E9300392FD1 /* UIView+HDHelpers.h in Headers */,
				EAA0C7011692265700392FD1 /* NSData+Base64.h in Headers */,
				EAA0C7031692265700392FD1 /* NSString+Base64.h in Headers */,
				EAB12F6816939F3F0094B3A9 /* HDScriptRunner.h in Headers */,
				EAAC3F591698FC310069113E /* HDProperties.h in Headers */,
				EA77297516994E6300CD63EE /* HDUIKitDetective.h in Headers */,
				EA77297B1699535B00CD63EE /* HDQuartzDetective.h in Headers */,
				EA7729801699548B00CD63EE /* CALayer+HDHelpers.h in Headers */,
				EAA3B1FA169A49040070643D /* HDCocos2DDetective.h in Headers */,
				EAA3B1FE169A4B6B0070643D /* CCNode+HDHelpers.h in Headers */,
				EAA3B239169A6DDA0070643D /* NSObject+HDHelpers.h in Headers */,
				EA10CE5216AADEB0008735A5 /* HDGCDAsyncSocket.h in Headers */,
			);
			runOnlyForDeploymentPostprocessing = 0;
		};
		EAC0823516E1F59100072CD9 /* Headers */ = {
			isa = PBXHeadersBuildPhase;
			buildActionMask = 2147483647;
			files = (
				EAC0823616E1F59100072CD9 /* HDServer.h in Headers */,
				EAC0823716E1F59100072CD9 /* HDDetective.h in Headers */,
				EAC0823816E1F59100072CD9 /* HDUtils.h in Headers */,
				EAC0823916E1F59100072CD9 /* NSObject+HDSerialization.h in Headers */,
				EAC0823A16E1F59100072CD9 /* HDMessage.h in Headers */,
				EAC0823B16E1F59100072CD9 /* NSMutableArray+Queue.h in Headers */,
				EAC0823C16E1F59100072CD9 /* HDArgument.h in Headers */,
				EAC0823D16E1F59100072CD9 /* HDScriptArgument.h in Headers */,
				EAC0823E16E1F59100072CD9 /* UIView+HDHelpers.h in Headers */,
				EAC0823F16E1F59100072CD9 /* NSData+Base64.h in Headers */,
				EAC0824016E1F59100072CD9 /* NSString+Base64.h in Headers */,
				EAC0824116E1F59100072CD9 /* HDScriptRunner.h in Headers */,
				EAC0824216E1F59100072CD9 /* HDProperties.h in Headers */,
				EAC0824316E1F59100072CD9 /* HDUIKitDetective.h in Headers */,
				EAC0824416E1F59100072CD9 /* HDQuartzDetective.h in Headers */,
				EAC0824516E1F59100072CD9 /* CALayer+HDHelpers.h in Headers */,
				EAC0824616E1F59100072CD9 /* HDCocos2DDetective.h in Headers */,
				EAC0824716E1F59100072CD9 /* CCNode+HDHelpers.h in Headers */,
				EAC0824816E1F59100072CD9 /* NSObject+HDHelpers.h in Headers */,
				EAC0824916E1F59100072CD9 /* HDGCDAsyncSocket.h in Headers */,
			);
			runOnlyForDeploymentPostprocessing = 0;
		};
/* End PBXHeadersBuildPhase section */

/* Begin PBXNativeTarget section */
		EA4F799D159EE51900CDE940 /* DetectiveTest */ = {
			isa = PBXNativeTarget;
			buildConfigurationList = EA4F79AE159EE51900CDE940 /* Build configuration list for PBXNativeTarget "DetectiveTest" */;
			buildPhases = (
				EA4F7999159EE51900CDE940 /* Sources */,
				EA4F799A159EE51900CDE940 /* Frameworks */,
				EA4F799B159EE51900CDE940 /* Resources */,
				EA4F799C159EE51900CDE940 /* ShellScript */,
			);
			buildRules = (
			);
			dependencies = (
			);
			name = DetectiveTest;
			productName = DetectiveTest;
			productReference = EA4F799E159EE51900CDE940 /* DetectiveTest.octest */;
			productType = "com.apple.product-type.bundle";
		};
		EA54096C15944C27000F8C43 /* Detective */ = {
			isa = PBXNativeTarget;
			buildConfigurationList = EA54097A15944C27000F8C43 /* Build configuration list for PBXNativeTarget "Detective" */;
			buildPhases = (
				EA54096915944C27000F8C43 /* Sources */,
				EA54096A15944C27000F8C43 /* Frameworks */,
				EA54096B15944C27000F8C43 /* Headers */,
			);
			buildRules = (
			);
			dependencies = (
			);
			name = Detective;
			productName = Detective;
			productReference = EA54096D15944C27000F8C43 /* libDetective.a */;
			productType = "com.apple.product-type.library.static";
		};
		EAA3B216169A51EB0070643D /* DetectiveCocos2D */ = {
			isa = PBXNativeTarget;
			buildConfigurationList = EAA3B220169A51EB0070643D /* Build configuration list for PBXNativeTarget "DetectiveCocos2D" */;
			buildPhases = (
				EAA3B213169A51EB0070643D /* Sources */,
				EAA3B214169A51EB0070643D /* Frameworks */,
				EAA3B215169A51EB0070643D /* CopyFiles */,
			);
			buildRules = (
			);
			dependencies = (
			);
			name = DetectiveCocos2D;
			productName = DetectiveCocos2D;
			productReference = EAA3B217169A51EB0070643D /* libDetectiveCocos2D.a */;
			productType = "com.apple.product-type.library.static";
		};
		EAC0822216E1F59100072CD9 /* DetectiveCocoKit */ = {
			isa = PBXNativeTarget;
			buildConfigurationList = EAC0824A16E1F59100072CD9 /* Build configuration list for PBXNativeTarget "DetectiveCocoKit" */;
			buildPhases = (
				EAC0822316E1F59100072CD9 /* Sources */,
				EAC0823416E1F59100072CD9 /* Frameworks */,
				EAC0823516E1F59100072CD9 /* Headers */,
			);
			buildRules = (
			);
			dependencies = (
			);
			name = DetectiveCocoKit;
			productName = Detective;
			productReference = EAC0824D16E1F59100072CD9 /* libDetective CocoKit.a */;
			productType = "com.apple.product-type.library.static";
		};
/* End PBXNativeTarget section */

/* Begin PBXProject section */
		EA54096415944C27000F8C43 /* Project object */ = {
			isa = PBXProject;
			attributes = {
				LastUpgradeCheck = 0430;
				ORGANIZATIONNAME = Apportable;
			};
			buildConfigurationList = EA54096715944C27000F8C43 /* Build configuration list for PBXProject "Detective" */;
			compatibilityVersion = "Xcode 3.2";
			developmentRegion = English;
			hasScannedForEncodings = 0;
			knownRegions = (
				en,
			);
			mainGroup = EA54096215944C27000F8C43;
			productRefGroup = EA54096E15944C27000F8C43 /* Products */;
			projectDirPath = "";
			projectRoot = "";
			targets = (
				EA54096C15944C27000F8C43 /* Detective */,
				EA4F799D159EE51900CDE940 /* DetectiveTest */,
				EAA3B216169A51EB0070643D /* DetectiveCocos2D */,
				EAC0822216E1F59100072CD9 /* DetectiveCocoKit */,
			);
		};
/* End PBXProject section */

/* Begin PBXResourcesBuildPhase section */
		EA4F799B159EE51900CDE940 /* Resources */ = {
			isa = PBXResourcesBuildPhase;
			buildActionMask = 2147483647;
			files = (
				EA4F79A9159EE51900CDE940 /* InfoPlist.strings in Resources */,
			);
			runOnlyForDeploymentPostprocessing = 0;
		};
/* End PBXResourcesBuildPhase section */

/* Begin PBXShellScriptBuildPhase section */
		EA4F799C159EE51900CDE940 /* ShellScript */ = {
			isa = PBXShellScriptBuildPhase;
			buildActionMask = 2147483647;
			files = (
			);
			inputPaths = (
			);
			outputPaths = (
			);
			runOnlyForDeploymentPostprocessing = 0;
			shellPath = /bin/sh;
			shellScript = "# Run the unit tests in this test bundle.\n\"${SYSTEM_DEVELOPER_DIR}/Tools/RunUnitTests\"\n";
		};
/* End PBXShellScriptBuildPhase section */

/* Begin PBXSourcesBuildPhase section */
		EA4F7999159EE51900CDE940 /* Sources */ = {
			isa = PBXSourcesBuildPhase;
			buildActionMask = 2147483647;
			files = (
				EA4F79AC159EE51900CDE940 /* DetectiveTest.m in Sources */,
				EA4F79B1159EEBE700CDE940 /* HDServer.m in Sources */,
				EA4F79B3159EEBE700CDE940 /* HDDetective.m in Sources */,
				EA4F79B4159EEBE700CDE940 /* HDUtils.m in Sources */,
				EA4F79B5159EEBE700CDE940 /* NSObject+HDSerialization.m in Sources */,
				EAB9B92315A67A5100385537 /* NSMutableArray+Queue.m in Sources */,
				EAD7E82315AE80160084E86A /* HDMessage.m in Sources */,
				EA0F8BAD15B1219400FBB75E /* TestAssertionHandler.m in Sources */,
				EAB12F4D16936DAF0094B3A9 /* HDArgument.m in Sources */,
				EAB12F4F16936DB20094B3A9 /* HDScriptArgument.m in Sources */,
				EAAC3F5B1698FE5D0069113E /* UIView+HDHelpers.m in Sources */,
				EA77297716994E6300CD63EE /* HDUIKitDetective.m in Sources */,
				EA77297D1699535B00CD63EE /* HDQuartzDetective.m in Sources */,
				EA7729821699548B00CD63EE /* CALayer+HDHelpers.m in Sources */,
				EAA3B23B169A6DDA0070643D /* NSObject+HDHelpers.m in Sources */,
				EAA56BA316D82DBE008E379F /* HDGCDAsyncSocket.m in Sources */,
			);
			runOnlyForDeploymentPostprocessing = 0;
		};
		EA54096915944C27000F8C43 /* Sources */ = {
			isa = PBXSourcesBuildPhase;
			buildActionMask = 2147483647;
			files = (
				EA54098415944C8D000F8C43 /* HDServer.m in Sources */,
				EAD813C915959DD20087FD7E /* HDDetective.m in Sources */,
				EA4F798B159ECFED00CDE940 /* HDUtils.m in Sources */,
				EA4F798D159ECFED00CDE940 /* NSObject+HDSerialization.m in Sources */,
				EA880EC215A406260094908B /* HDMessage.m in Sources */,
				EAB9B92215A67A5100385537 /* NSMutableArray+Queue.m in Sources */,
				EAA0C6DE1692183500392FD1 /* HDArgument.m in Sources */,
				EAA0C6E5169218C100392FD1 /* HDScriptArgument.m in Sources */,
				EAA0C6FB16921E9300392FD1 /* UIView+HDHelpers.m in Sources */,
				EAA0C7021692265700392FD1 /* NSData+Base64.m in Sources */,
				EAA0C7041692265700392FD1 /* NSString+Base64.m in Sources */,
				EA77297616994E6300CD63EE /* HDUIKitDetective.m in Sources */,
				EA77297C1699535B00CD63EE /* HDQuartzDetective.m in Sources */,
				EA7729811699548B00CD63EE /* CALayer+HDHelpers.m in Sources */,
				EAA3B23A169A6DDA0070643D /* NSObject+HDHelpers.m in Sources */,
				EA10CE5316AADEB0008735A5 /* HDGCDAsyncSocket.m in Sources */,
			);
			runOnlyForDeploymentPostprocessing = 0;
		};
		EAA3B213169A51EB0070643D /* Sources */ = {
			isa = PBXSourcesBuildPhase;
			buildActionMask = 2147483647;
			files = (
				EAA3B223169A52B80070643D /* HDCocos2DDetective.m in Sources */,
				EAA3B224169A52BE0070643D /* CCNode+HDHelpers.m in Sources */,
				EAA3B23C169A6DDA0070643D /* NSObject+HDHelpers.m in Sources */,
			);
			runOnlyForDeploymentPostprocessing = 0;
		};
		EAC0822316E1F59100072CD9 /* Sources */ = {
			isa = PBXSourcesBuildPhase;
			buildActionMask = 2147483647;
			files = (
				EAC0822416E1F59100072CD9 /* HDServer.m in Sources */,
				EAC0822516E1F59100072CD9 /* HDDetective.m in Sources */,
				EAC0822616E1F59100072CD9 /* HDUtils.m in Sources */,
				EAC0822716E1F59100072CD9 /* NSObject+HDSerialization.m in Sources */,
				EAC0822816E1F59100072CD9 /* HDMessage.m in Sources */,
				EAC0822916E1F59100072CD9 /* NSMutableArray+Queue.m in Sources */,
				EAC0822A16E1F59100072CD9 /* HDArgument.m in Sources */,
				EAC0822B16E1F59100072CD9 /* HDScriptArgument.m in Sources */,
				EAC0822C16E1F59100072CD9 /* UIView+HDHelpers.m in Sources */,
				EAC0822D16E1F59100072CD9 /* NSData+Base64.m in Sources */,
				EAC0822E16E1F59100072CD9 /* NSString+Base64.m in Sources */,
				EAC0822F16E1F59100072CD9 /* HDUIKitDetective.m in Sources */,
				EAC0823016E1F59100072CD9 /* HDQuartzDetective.m in Sources */,
				EAC0823216E1F59100072CD9 /* NSObject+HDHelpers.m in Sources */,
				EAC0823316E1F59100072CD9 /* HDGCDAsyncSocket.m in Sources */,
			);
			runOnlyForDeploymentPostprocessing = 0;
		};
/* End PBXSourcesBuildPhase section */

/* Begin PBXVariantGroup section */
		EA4F79A7159EE51900CDE940 /* InfoPlist.strings */ = {
			isa = PBXVariantGroup;
			children = (
				EA4F79A8159EE51900CDE940 /* en */,
			);
			name = InfoPlist.strings;
			sourceTree = "<group>";
		};
/* End PBXVariantGroup section */

/* Begin XCBuildConfiguration section */
		EA4F79AF159EE51900CDE940 /* Debug */ = {
			isa = XCBuildConfiguration;
			buildSettings = {
				CLANG_ENABLE_OBJC_ARC = YES;
				FRAMEWORK_SEARCH_PATHS = (
					"$(SDKROOT)/Developer/Library/Frameworks",
					"$(DEVELOPER_LIBRARY_DIR)/Frameworks",
				);
				GCC_PRECOMPILE_PREFIX_HEADER = YES;
				GCC_PREFIX_HEADER = "DetectiveTest/DetectiveTest-Prefix.pch";
				GCC_TREAT_WARNINGS_AS_ERRORS = YES;
				HEADER_SEARCH_PATHS = "";
				INFOPLIST_FILE = "DetectiveTest/DetectiveTest-Info.plist";
				PRODUCT_NAME = "$(TARGET_NAME)";
				WRAPPER_EXTENSION = octest;
			};
			name = Debug;
		};
		EA4F79B0159EE51900CDE940 /* Release */ = {
			isa = XCBuildConfiguration;
			buildSettings = {
				CLANG_ENABLE_OBJC_ARC = YES;
				FRAMEWORK_SEARCH_PATHS = (
					"$(SDKROOT)/Developer/Library/Frameworks",
					"$(DEVELOPER_LIBRARY_DIR)/Frameworks",
				);
				GCC_PRECOMPILE_PREFIX_HEADER = YES;
				GCC_PREFIX_HEADER = "DetectiveTest/DetectiveTest-Prefix.pch";
				GCC_TREAT_WARNINGS_AS_ERRORS = YES;
				HEADER_SEARCH_PATHS = "";
				INFOPLIST_FILE = "DetectiveTest/DetectiveTest-Info.plist";
				PRODUCT_NAME = "$(TARGET_NAME)";
				WRAPPER_EXTENSION = octest;
			};
			name = Release;
		};
		EA54097815944C27000F8C43 /* Debug */ = {
			isa = XCBuildConfiguration;
			buildSettings = {
				ALWAYS_SEARCH_USER_PATHS = NO;
				ARCHS = "$(ARCHS_STANDARD_32_BIT)";
				COPY_PHASE_STRIP = NO;
				GCC_C_LANGUAGE_STANDARD = gnu99;
				GCC_DYNAMIC_NO_PIC = NO;
				GCC_OPTIMIZATION_LEVEL = 0;
				GCC_PREPROCESSOR_DEFINITIONS = (
					"DEBUG=1",
					"$(inherited)",
				);
				GCC_SYMBOLS_PRIVATE_EXTERN = NO;
				GCC_VERSION = com.apple.compilers.llvm.clang.1_0;
				GCC_WARN_ABOUT_RETURN_TYPE = YES;
				GCC_WARN_UNINITIALIZED_AUTOS = YES;
				GCC_WARN_UNUSED_VARIABLE = YES;
				IPHONEOS_DEPLOYMENT_TARGET = 5.1;
				OTHER_CFLAGS = "-DBUILDING_LIBRARY";
				OTHER_LDFLAGS = "";
				SDKROOT = iphoneos;
			};
			name = Debug;
		};
		EA54097915944C27000F8C43 /* Release */ = {
			isa = XCBuildConfiguration;
			buildSettings = {
				ALWAYS_SEARCH_USER_PATHS = NO;
				ARCHS = "$(ARCHS_STANDARD_32_BIT)";
				COPY_PHASE_STRIP = YES;
				GCC_C_LANGUAGE_STANDARD = gnu99;
				GCC_VERSION = com.apple.compilers.llvm.clang.1_0;
				GCC_WARN_ABOUT_RETURN_TYPE = YES;
				GCC_WARN_UNINITIALIZED_AUTOS = YES;
				GCC_WARN_UNUSED_VARIABLE = YES;
				IPHONEOS_DEPLOYMENT_TARGET = 5.1;
				OTHER_CFLAGS = "-DBUILDING_LIBRARY";
				OTHER_LDFLAGS = "";
				SDKROOT = iphoneos;
				VALIDATE_PRODUCT = YES;
			};
			name = Release;
		};
		EA54097B15944C27000F8C43 /* Debug */ = {
			isa = XCBuildConfiguration;
			buildSettings = {
				CLANG_ENABLE_OBJC_ARC = YES;
				DSTROOT = /tmp/Detective.dst;
				GCC_PRECOMPILE_PREFIX_HEADER = YES;
				GCC_PREFIX_HEADER = "Detective/Detective-Prefix.pch";
				GCC_TREAT_WARNINGS_AS_ERRORS = YES;
				HEADER_SEARCH_PATHS = (
					"$(SRCROOT)/../Cocos2D/cocos2d",
					"$(SRCROOT)/../Cocos2D/external/kazmath/include",
				);
				OTHER_LDFLAGS = "";
				PRODUCT_NAME = "$(TARGET_NAME)";
				SKIP_INSTALL = YES;
			};
			name = Debug;
		};
		EA54097C15944C27000F8C43 /* Release */ = {
			isa = XCBuildConfiguration;
			buildSettings = {
				CLANG_ENABLE_OBJC_ARC = YES;
				DSTROOT = /tmp/Detective.dst;
				GCC_PRECOMPILE_PREFIX_HEADER = YES;
				GCC_PREFIX_HEADER = "Detective/Detective-Prefix.pch";
				GCC_TREAT_WARNINGS_AS_ERRORS = YES;
				HEADER_SEARCH_PATHS = (
					"$(SRCROOT)/../Cocos2D/cocos2d",
					"$(SRCROOT)/../Cocos2D/external/kazmath/include",
				);
				OTHER_LDFLAGS = "";
				PRODUCT_NAME = "$(TARGET_NAME)";
				SKIP_INSTALL = YES;
			};
			name = Release;
		};
		EAA3B221169A51EB0070643D /* Debug */ = {
			isa = XCBuildConfiguration;
			buildSettings = {
				CLANG_CXX_LANGUAGE_STANDARD = "gnu++0x";
				CLANG_CXX_LIBRARY = "libc++";
				CLANG_ENABLE_OBJC_ARC = YES;
				CLANG_WARN_EMPTY_BODY = YES;
				CLANG_WARN__DUPLICATE_METHOD_MATCH = YES;
				DSTROOT = /tmp/DetectiveCocos2D.dst;
				GCC_PRECOMPILE_PREFIX_HEADER = YES;
				GCC_PREFIX_HEADER = "Detective/Detective-Prefix.pch";
				GCC_TREAT_WARNINGS_AS_ERRORS = YES;
				HEADER_SEARCH_PATHS = (
					"$(SRCROOT)/../Cocos2D/cocos2d",
					"$(SRCROOT)/../Cocos2D/external/kazmath/include",
				);
				IPHONEOS_DEPLOYMENT_TARGET = 6.0;
				ONLY_ACTIVE_ARCH = YES;
				OTHER_LDFLAGS = "";
				PRODUCT_NAME = "$(TARGET_NAME)";
				SKIP_INSTALL = YES;
			};
			name = Debug;
		};
		EAA3B222169A51EB0070643D /* Release */ = {
			isa = XCBuildConfiguration;
			buildSettings = {
				CLANG_CXX_LANGUAGE_STANDARD = "gnu++0x";
				CLANG_CXX_LIBRARY = "libc++";
				CLANG_ENABLE_OBJC_ARC = YES;
				CLANG_WARN_EMPTY_BODY = YES;
				CLANG_WARN__DUPLICATE_METHOD_MATCH = YES;
				DSTROOT = /tmp/DetectiveCocos2D.dst;
				GCC_PRECOMPILE_PREFIX_HEADER = YES;
				GCC_PREFIX_HEADER = "Detective/Detective-Prefix.pch";
				GCC_TREAT_WARNINGS_AS_ERRORS = YES;
				HEADER_SEARCH_PATHS = (
					"$(SRCROOT)/../Cocos2D/cocos2d",
					"$(SRCROOT)/../Cocos2D/external/kazmath/include",
				);
				IPHONEOS_DEPLOYMENT_TARGET = 6.0;
				OTHER_LDFLAGS = "";
				PRODUCT_NAME = "$(TARGET_NAME)";
				SKIP_INSTALL = YES;
			};
			name = Release;
		};
		EAC0824B16E1F59100072CD9 /* Debug */ = {
			isa = XCBuildConfiguration;
			buildSettings = {
				ARCHS = "$(NATIVE_ARCH_ACTUAL)";
				CLANG_ENABLE_OBJC_ARC = YES;
				DSTROOT = /tmp/Detective.dst;
				GCC_PRECOMPILE_PREFIX_HEADER = YES;
				GCC_PREFIX_HEADER = "Detective/Detective-Prefix.pch";
				GCC_PREPROCESSOR_DEFINITIONS = COCOKIT;
				GCC_TREAT_WARNINGS_AS_ERRORS = YES;
				HEADER_SEARCH_PATHS = (
					"$(SRCROOT)/../Cocos2D/cocos2d",
					"$(SRCROOT)/../Cocos2D/external/kazmath/include",
				);
				OTHER_LDFLAGS = "";
				PRODUCT_NAME = "Detective CocoKit";
				SDKROOT = "";
				SKIP_INSTALL = YES;
			};
			name = Debug;
		};
		EAC0824C16E1F59100072CD9 /* Release */ = {
			isa = XCBuildConfiguration;
			buildSettings = {
				ARCHS = "$(NATIVE_ARCH_ACTUAL)";
				CLANG_ENABLE_OBJC_ARC = YES;
				DSTROOT = /tmp/Detective.dst;
				GCC_PRECOMPILE_PREFIX_HEADER = YES;
				GCC_PREFIX_HEADER = "Detective/Detective-Prefix.pch";
				GCC_PREPROCESSOR_DEFINITIONS = COCOKIT;
				GCC_TREAT_WARNINGS_AS_ERRORS = YES;
				HEADER_SEARCH_PATHS = (
					"$(SRCROOT)/../Cocos2D/cocos2d",
					"$(SRCROOT)/../Cocos2D/external/kazmath/include",
				);
				OTHER_LDFLAGS = "";
				PRODUCT_NAME = "Detective CocoKit";
				SDKROOT = "";
				SKIP_INSTALL = YES;
			};
			name = Release;
		};
/* End XCBuildConfiguration section */

/* Begin XCConfigurationList section */
		EA4F79AE159EE51900CDE940 /* Build configuration list for PBXNativeTarget "DetectiveTest" */ = {
			isa = XCConfigurationList;
			buildConfigurations = (
				EA4F79AF159EE51900CDE940 /* Debug */,
				EA4F79B0159EE51900CDE940 /* Release */,
			);
			defaultConfigurationIsVisible = 0;
			defaultConfigurationName = Release;
		};
		EA54096715944C27000F8C43 /* Build configuration list for PBXProject "Detective" */ = {
			isa = XCConfigurationList;
			buildConfigurations = (
				EA54097815944C27000F8C43 /* Debug */,
				EA54097915944C27000F8C43 /* Release */,
			);
			defaultConfigurationIsVisible = 0;
			defaultConfigurationName = Release;
		};
		EA54097A15944C27000F8C43 /* Build configuration list for PBXNativeTarget "Detective" */ = {
			isa = XCConfigurationList;
			buildConfigurations = (
				EA54097B15944C27000F8C43 /* Debug */,
				EA54097C15944C27000F8C43 /* Release */,
			);
			defaultConfigurationIsVisible = 0;
			defaultConfigurationName = Release;
		};
		EAA3B220169A51EB0070643D /* Build configuration list for PBXNativeTarget "DetectiveCocos2D" */ = {
			isa = XCConfigurationList;
			buildConfigurations = (
				EAA3B221169A51EB0070643D /* Debug */,
				EAA3B222169A51EB0070643D /* Release */,
			);
			defaultConfigurationIsVisible = 0;
			defaultConfigurationName = Release;
		};
		EAC0824A16E1F59100072CD9 /* Build configuration list for PBXNativeTarget "DetectiveCocoKit" */ = {
			isa = XCConfigurationList;
			buildConfigurations = (
				EAC0824B16E1F59100072CD9 /* Debug */,
				EAC0824C16E1F59100072CD9 /* Release */,
			);
			defaultConfigurationIsVisible = 0;
			defaultConfigurationName = Release;
		};
/* End XCConfigurationList section */
	};
	rootObject = EA54096415944C27000F8C43 /* Project object */;
}
